
Microsoft Visual Studio Solution File, Format Version 12.00
# Visual Studio Version 17
VisualStudioVersion = 17.11.35312.102
MinimumVisualStudioVersion = 10.0.40219.1
Project("{FAE04EC0-301F-11D3-BF4B-00C04F79EFBC}") = "Offices.API", "Offices.API\Offices.API.csproj", "{3E6FFB20-2474-4B8C-BA4E-D1CAB19AEF40}"
EndProject
Project("{FAE04EC0-301F-11D3-BF4B-00C04F79EFBC}") = "Offices.Infrastructure", "Offices.Infrastructure\Offices.Infrastructure.csproj", "{D0FA5A0D-BB5C-4DAC-8C04-572340C6E8E8}"
EndProject
Project("{FAE04EC0-301F-11D3-BF4B-00C04F79EFBC}") = "Offices.Core", "Offices.Core\Offices.Core.csproj", "{5F048DE0-C5CC-4BA5-AFF1-44F2FDC0D4D7}"
EndProject
Project("{FAE04EC0-301F-11D3-BF4B-00C04F79EFBC}") = "Offices.Application", "Offices.Application\Offices.Application.csproj", "{85A3F038-81E8-4709-AADB-5AF3ADCBEB72}"
EndProject
Global
	GlobalSection(SolutionConfigurationPlatforms) = preSolution
		Debug|Any CPU = Debug|Any CPU
		Release|Any CPU = Release|Any CPU
	EndGlobalSection
	GlobalSection(ProjectConfigurationPlatforms) = postSolution
		{3E6FFB20-2474-4B8C-BA4E-D1CAB19AEF40}.Debug|Any CPU.ActiveCfg = Debug|Any CPU
		{3E6FFB20-2474-4B8C-BA4E-D1CAB19AEF40}.Debug|Any CPU.Build.0 = Debug|Any CPU
		{3E6FFB20-2474-4B8C-BA4E-D1CAB19AEF40}.Release|Any CPU.ActiveCfg = Release|Any CPU
		{3E6FFB20-2474-4B8C-BA4E-D1CAB19AEF40}.Release|Any CPU.Build.0 = Release|Any CPU
		{D0FA5A0D-BB5C-4DAC-8C04-572340C6E8E8}.Debug|Any CPU.ActiveCfg = Debug|Any CPU
		{D0FA5A0D-BB5C-4DAC-8C04-572340C6E8E8}.Debug|Any CPU.Build.0 = Debug|Any CPU
		{D0FA5A0D-BB5C-4DAC-8C04-572340C6E8E8}.Release|Any CPU.ActiveCfg = Release|Any CPU
		{D0FA5A0D-BB5C-4DAC-8C04-572340C6E8E8}.Release|Any CPU.Build.0 = Release|Any CPU
		{5F048DE0-C5CC-4BA5-AFF1-44F2FDC0D4D7}.Debug|Any CPU.ActiveCfg = Debug|Any CPU
		{5F048DE0-C5CC-4BA5-AFF1-44F2FDC0D4D7}.Debug|Any CPU.Build.0 = Debug|Any CPU
		{5F048DE0-C5CC-4BA5-AFF1-44F2FDC0D4D7}.Release|Any CPU.ActiveCfg = Release|Any CPU
		{5F048DE0-C5CC-4BA5-AFF1-44F2FDC0D4D7}.Release|Any CPU.Build.0 = Release|Any CPU
		{85A3F038-81E8-4709-AADB-5AF3ADCBEB72}.Debug|Any CPU.ActiveCfg = Debug|Any CPU
		{85A3F038-81E8-4709-AADB-5AF3ADCBEB72}.Debug|Any CPU.Build.0 = Debug|Any CPU
		{85A3F038-81E8-4709-AADB-5AF3ADCBEB72}.Release|Any CPU.ActiveCfg = Release|Any CPU
		{85A3F038-81E8-4709-AADB-5AF3ADCBEB72}.Release|Any CPU.Build.0 = Release|Any CPU
	EndGlobalSection
	GlobalSection(SolutionProperties) = preSolution
		HideSolutionNode = FALSE
	EndGlobalSection
	GlobalSection(ExtensibilityGlobals) = postSolution
		SolutionGuid = {F6B281E8-2BF8-48D9-8FDB-CD6E1DE867B1}
	EndGlobalSection
EndGlobal
