
Microsoft Visual Studio Solution File, Format Version 12.00
# Visual Studio Version 17
VisualStudioVersion = 17.11.35312.102
MinimumVisualStudioVersion = 10.0.40219.1
Project("{FAE04EC0-301F-11D3-BF4B-00C04F79EFBC}") = "Documents.API", "Documents.API\Documents.API.csproj", "{4D11ADC8-2F40-408F-84BE-399E781C88B7}"
EndProject
Project("{FAE04EC0-301F-11D3-BF4B-00C04F79EFBC}") = "Documents.Core", "Documents.Core\Documents.Core.csproj", "{5B5A2192-7132-4D0A-A89E-39348FB23ED9}"
EndProject
Project("{FAE04EC0-301F-11D3-BF4B-00C04F79EFBC}") = "Documents.Application", "Documents.Application\Documents.Application.csproj", "{AF2EBC9F-2BB5-4422-8E65-CB11BE543067}"
EndProject
Project("{FAE04EC0-301F-11D3-BF4B-00C04F79EFBC}") = "Documents.Infrastructure", "Documents.Infrastructure\Documents.Infrastructure.csproj", "{25DE1831-D255-4560-859A-79DB26D5CE97}"
EndProject
Global
	GlobalSection(SolutionConfigurationPlatforms) = preSolution
		Debug|Any CPU = Debug|Any CPU
		Release|Any CPU = Release|Any CPU
	EndGlobalSection
	GlobalSection(ProjectConfigurationPlatforms) = postSolution
		{4D11ADC8-2F40-408F-84BE-399E781C88B7}.Debug|Any CPU.ActiveCfg = Debug|Any CPU
		{4D11ADC8-2F40-408F-84BE-399E781C88B7}.Debug|Any CPU.Build.0 = Debug|Any CPU
		{4D11ADC8-2F40-408F-84BE-399E781C88B7}.Release|Any CPU.ActiveCfg = Release|Any CPU
		{4D11ADC8-2F40-408F-84BE-399E781C88B7}.Release|Any CPU.Build.0 = Release|Any CPU
		{5B5A2192-7132-4D0A-A89E-39348FB23ED9}.Debug|Any CPU.ActiveCfg = Debug|Any CPU
		{5B5A2192-7132-4D0A-A89E-39348FB23ED9}.Debug|Any CPU.Build.0 = Debug|Any CPU
		{5B5A2192-7132-4D0A-A89E-39348FB23ED9}.Release|Any CPU.ActiveCfg = Release|Any CPU
		{5B5A2192-7132-4D0A-A89E-39348FB23ED9}.Release|Any CPU.Build.0 = Release|Any CPU
		{AF2EBC9F-2BB5-4422-8E65-CB11BE543067}.Debug|Any CPU.ActiveCfg = Debug|Any CPU
		{AF2EBC9F-2BB5-4422-8E65-CB11BE543067}.Debug|Any CPU.Build.0 = Debug|Any CPU
		{AF2EBC9F-2BB5-4422-8E65-CB11BE543067}.Release|Any CPU.ActiveCfg = Release|Any CPU
		{AF2EBC9F-2BB5-4422-8E65-CB11BE543067}.Release|Any CPU.Build.0 = Release|Any CPU
		{25DE1831-D255-4560-859A-79DB26D5CE97}.Debug|Any CPU.ActiveCfg = Debug|Any CPU
		{25DE1831-D255-4560-859A-79DB26D5CE97}.Debug|Any CPU.Build.0 = Debug|Any CPU
		{25DE1831-D255-4560-859A-79DB26D5CE97}.Release|Any CPU.ActiveCfg = Release|Any CPU
		{25DE1831-D255-4560-859A-79DB26D5CE97}.Release|Any CPU.Build.0 = Release|Any CPU
	EndGlobalSection
	GlobalSection(SolutionProperties) = preSolution
		HideSolutionNode = FALSE
	EndGlobalSection
	GlobalSection(ExtensibilityGlobals) = postSolution
		SolutionGuid = {47A6B115-64B9-4AAB-A4CF-4EAD4BD42348}
	EndGlobalSection
EndGlobal
